
Microsoft Visual Studio Solution File, Format Version 12.00
# Visual Studio Version 17
VisualStudioVersion = 17.4.33122.133
MinimumVisualStudioVersion = 10.0.40219.1
Project("{888888A0-9F3D-457C-B088-3A5042F75D52}") = "indexx", "indexx\indexx.pyproj", "{58DDCC87-513F-42FA-82D9-EC723549094B}"
EndProject
Global
	GlobalSection(SolutionConfigurationPlatforms) = preSolution
		Debug|Any CPU = Debug|Any CPU
		Release|Any CPU = Release|Any CPU
	EndGlobalSection
	GlobalSection(ProjectConfigurationPlatforms) = postSolution
		{58DDCC87-513F-42FA-82D9-EC723549094B}.Debug|Any CPU.ActiveCfg = Debug|Any CPU
		{58DDCC87-513F-42FA-82D9-EC723549094B}.Release|Any CPU.ActiveCfg = Release|Any CPU
	EndGlobalSection
	GlobalSection(SolutionProperties) = preSolution
		HideSolutionNode = FALSE
	EndGlobalSection
	GlobalSection(ExtensibilityGlobals) = postSolution
		SolutionGuid = {A59FBA19-AAE0-48F1-A540-B82342A72328}
	EndGlobalSection
EndGlobal
